
Microsoft Visual Studio Solution File, Format Version 12.00
# Visual Studio 15
VisualStudioVersion = 15.0.28307.1340
MinimumVisualStudioVersion = 10.0.40219.1
Project("{8BC9CEB8-8B4A-11D0-8D11-00A0C91BC942}") = "Vulkan_Renderer", "Vulkan_Renderer.vcxproj", "{47699D6D-61B8-4789-BC77-2BE73466A751}"
EndProject
Global
	GlobalSection(SolutionConfigurationPlatforms) = preSolution
		Debug|x64 = Debug|x64
		Debug|x86 = Debug|x86
		Release|x64 = Release|x64
		Release|x86 = Release|x86
	EndGlobalSection
	GlobalSection(ProjectConfigurationPlatforms) = postSolution
		{47699D6D-61B8-4789-BC77-2BE73466A751}.Debug|x64.ActiveCfg = Debug|x64
		{47699D6D-61B8-4789-BC77-2BE73466A751}.Debug|x64.Build.0 = Debug|x64
		{47699D6D-61B8-4789-BC77-2BE73466A751}.Debug|x86.ActiveCfg = Debug|Win32
		{47699D6D-61B8-4789-BC77-2BE73466A751}.Debug|x86.Build.0 = Debug|Win32
		{47699D6D-61B8-4789-BC77-2BE73466A751}.Release|x64.ActiveCfg = Release|x64
		{47699D6D-61B8-4789-BC77-2BE73466A751}.Release|x64.Build.0 = Release|x64
		{47699D6D-61B8-4789-BC77-2BE73466A751}.Release|x86.ActiveCfg = Release|Win32
		{47699D6D-61B8-4789-BC77-2BE73466A751}.Release|x86.Build.0 = Release|Win32
	EndGlobalSection
	GlobalSection(SolutionProperties) = preSolution
		HideSolutionNode = FALSE
	EndGlobalSection
	GlobalSection(ExtensibilityGlobals) = postSolution
		SolutionGuid = {6CF24C52-EC16-44FC-A1B1-E9D45A7E8583}
	EndGlobalSection
EndGlobal
